// !$*UTF8*$!
{
	archiveVersion = 1;
	classes = {
	};
	objectVersion = 56;
	objects = {

/* Begin PBXBuildFile section */
		47ABA7B329924B6F00F851DF /* AppDelegate.swift in Sources */ = {isa = PBXBuildFile; fileRef = 47ABA7B229924B6F00F851DF /* AppDelegate.swift */; };
		47ABA7B529924B6F00F851DF /* SceneDelegate.swift in Sources */ = {isa = PBXBuildFile; fileRef = 47ABA7B429924B6F00F851DF /* SceneDelegate.swift */; };
		47ABA7B729924B6F00F851DF /* InterstitialViewController.swift in Sources */ = {isa = PBXBuildFile; fileRef = 47ABA7B629924B6F00F851DF /* InterstitialViewController.swift */; };
		47ABA7BA29924B6F00F851DF /* Main.storyboard in Resources */ = {isa = PBXBuildFile; fileRef = 47ABA7B829924B6F00F851DF /* Main.storyboard */; };
		47ABA7BC29924B7200F851DF /* Assets.xcassets in Resources */ = {isa = PBXBuildFile; fileRef = 47ABA7BB29924B7200F851DF /* Assets.xcassets */; };
		47ABA7BF29924B7200F851DF /* LaunchScreen.storyboard in Resources */ = {isa = PBXBuildFile; fileRef = 47ABA7BD29924B7200F851DF /* LaunchScreen.storyboard */; };
		47ABA7C7299257CC00F851DF /* RewardedViewController.swift in Sources */ = {isa = PBXBuildFile; fileRef = 47ABA7C6299257CC00F851DF /* RewardedViewController.swift */; };
		47ABA7CB299268FD00F851DF /* PersistentTabBarController.swift in Sources */ = {isa = PBXBuildFile; fileRef = 47ABA7CA299268FD00F851DF /* PersistentTabBarController.swift */; };
		87BBDFA31214849C31E83B4E /* Pods_MariaAds.framework in Frameworks */ = {isa = PBXBuildFile; fileRef = 79B855A6982418A6483DEFEA /* Pods_MariaAds.framework */; };
/* End PBXBuildFile section */

/* Begin PBXFileReference section */
		356EB07B60806744BCBDD0CB /* Pods-MariaAds.release.xcconfig */ = {isa = PBXFileReference; includeInIndex = 1; lastKnownFileType = text.xcconfig; name = "Pods-MariaAds.release.xcconfig"; path = "Target Support Files/Pods-MariaAds/Pods-MariaAds.release.xcconfig"; sourceTree = "<group>"; };
		47ABA7AF29924B6F00F851DF /* MariaAds.app */ = {isa = PBXFileReference; explicitFileType = wrapper.application; includeInIndex = 0; path = MariaAds.app; sourceTree = BUILT_PRODUCTS_DIR; };
		47ABA7B229924B6F00F851DF /* AppDelegate.swift */ = {isa = PBXFileReference; lastKnownFileType = sourcecode.swift; path = AppDelegate.swift; sourceTree = "<group>"; };
		47ABA7B429924B6F00F851DF /* SceneDelegate.swift */ = {isa = PBXFileReference; lastKnownFileType = sourcecode.swift; path = SceneDelegate.swift; sourceTree = "<group>"; };
		47ABA7B629924B6F00F851DF /* InterstitialViewController.swift */ = {isa = PBXFileReference; lastKnownFileType = sourcecode.swift; path = InterstitialViewController.swift; sourceTree = "<group>"; };
		47ABA7B929924B6F00F851DF /* Base */ = {isa = PBXFileReference; lastKnownFileType = file.storyboard; name = Base; path = Base.lproj/Main.storyboard; sourceTree = "<group>"; };
		47ABA7BB29924B7200F851DF /* Assets.xcassets */ = {isa = PBXFileReference; lastKnownFileType = folder.assetcatalog; path = Assets.xcassets; sourceTree = "<group>"; };
		47ABA7BE29924B7200F851DF /* Base */ = {isa = PBXFileReference; lastKnownFileType = file.storyboard; name = Base; path = Base.lproj/LaunchScreen.storyboard; sourceTree = "<group>"; };
		47ABA7C029924B7200F851DF /* Info.plist */ = {isa = PBXFileReference; lastKnownFileType = text.plist.xml; path = Info.plist; sourceTree = "<group>"; };
		47ABA7C6299257CC00F851DF /* RewardedViewController.swift */ = {isa = PBXFileReference; lastKnownFileType = sourcecode.swift; path = RewardedViewController.swift; sourceTree = "<group>"; };
		47ABA7CA299268FD00F851DF /* PersistentTabBarController.swift */ = {isa = PBXFileReference; lastKnownFileType = sourcecode.swift; path = PersistentTabBarController.swift; sourceTree = "<group>"; };
		79B855A6982418A6483DEFEA /* Pods_MariaAds.framework */ = {isa = PBXFileReference; explicitFileType = wrapper.framework; includeInIndex = 0; path = Pods_MariaAds.framework; sourceTree = BUILT_PRODUCTS_DIR; };
		B5B7CEFFD1EF129C0833F7E2 /* Pods-MariaAds.debug.xcconfig */ = {isa = PBXFileReference; includeInIndex = 1; lastKnownFileType = text.xcconfig; name = "Pods-MariaAds.debug.xcconfig"; path = "Target Support Files/Pods-MariaAds/Pods-MariaAds.debug.xcconfig"; sourceTree = "<group>"; };
/* End PBXFileReference section */

/* Begin PBXFrameworksBuildPhase section */
		47ABA7AC29924B6F00F851DF /* Frameworks */ = {
			isa = PBXFrameworksBuildPhase;
			buildActionMask = 2147483647;
			files = (
				87BBDFA31214849C31E83B4E /* Pods_MariaAds.framework in Frameworks */,
			);
			runOnlyForDeploymentPostprocessing = 0;
		};
/* End PBXFrameworksBuildPhase section */

/* Begin PBXGroup section */
		47ABA7A629924B6F00F851DF = {
			isa = PBXGroup;
			children = (
				47ABA7B129924B6F00F851DF /* MariaAds */,
				47ABA7B029924B6F00F851DF /* Products */,
				A74C96BC3A00365AF6EB3F61 /* Pods */,
				F55C91BD6EF4FF0EBF9BD3A9 /* Frameworks */,
			);
			sourceTree = "<group>";
		};
		47ABA7B029924B6F00F851DF /* Products */ = {
			isa = PBXGroup;
			children = (
				47ABA7AF29924B6F00F851DF /* MariaAds.app */,
			);
			name = Products;
			sourceTree = "<group>";
		};
		47ABA7B129924B6F00F851DF /* MariaAds */ = {
			isa = PBXGroup;
			children = (
				47ABA7B229924B6F00F851DF /* AppDelegate.swift */,
				47ABA7B429924B6F00F851DF /* SceneDelegate.swift */,
				47ABA7B629924B6F00F851DF /* InterstitialViewController.swift */,
				47ABA7CA299268FD00F851DF /* PersistentTabBarController.swift */,
				47ABA7C6299257CC00F851DF /* RewardedViewController.swift */,
				47ABA7B829924B6F00F851DF /* Main.storyboard */,
				47ABA7BB29924B7200F851DF /* Assets.xcassets */,
				47ABA7BD29924B7200F851DF /* LaunchScreen.storyboard */,
				47ABA7C029924B7200F851DF /* Info.plist */,
			);
			path = MariaAds;
			sourceTree = "<group>";
		};
		A74C96BC3A00365AF6EB3F61 /* Pods */ = {
			isa = PBXGroup;
			children = (
				B5B7CEFFD1EF129C0833F7E2 /* Pods-MariaAds.debug.xcconfig */,
				356EB07B60806744BCBDD0CB /* Pods-MariaAds.release.xcconfig */,
			);
			path = Pods;
			sourceTree = "<group>";
		};
		F55C91BD6EF4FF0EBF9BD3A9 /* Frameworks */ = {
			isa = PBXGroup;
			children = (
				79B855A6982418A6483DEFEA /* Pods_MariaAds.framework */,
			);
			name = Frameworks;
			sourceTree = "<group>";
		};
/* End PBXGroup section */

/* Begin PBXNativeTarget section */
		47ABA7AE29924B6F00F851DF /* MariaAds */ = {
			isa = PBXNativeTarget;
			buildConfigurationList = 47ABA7C329924B7200F851DF /* Build configuration list for PBXNativeTarget "MariaAds" */;
			buildPhases = (
				795F37093EB8D31F688C1F3B /* [CP] Check Pods Manifest.lock */,
				47ABA7AB29924B6F00F851DF /* Sources */,
				47ABA7AC29924B6F00F851DF /* Frameworks */,
				47ABA7AD29924B6F00F851DF /* Resources */,
				A65B9C21C9E2C4AC7F5F7F6A /* [CP] Embed Pods Frameworks */,
			);
			buildRules = (
			);
			dependencies = (
			);
			name = MariaAds;
			productName = MariaAds;
			productReference = 47ABA7AF29924B6F00F851DF /* MariaAds.app */;
			productType = "com.apple.product-type.application";
		};
/* End PBXNativeTarget section */

/* Begin PBXProject section */
		47ABA7A729924B6F00F851DF /* Project object */ = {
			isa = PBXProject;
			attributes = {
				BuildIndependentTargetsInParallel = 1;
				LastSwiftUpdateCheck = 1410;
				LastUpgradeCheck = 1410;
				TargetAttributes = {
					47ABA7AE29924B6F00F851DF = {
						CreatedOnToolsVersion = 14.1;
					};
				};
			};
			buildConfigurationList = 47ABA7AA29924B6F00F851DF /* Build configuration list for PBXProject "MariaAds" */;
			compatibilityVersion = "Xcode 14.0";
			developmentRegion = en;
			hasScannedForEncodings = 0;
			knownRegions = (
				en,
				Base,
			);
			mainGroup = 47ABA7A629924B6F00F851DF;
			productRefGroup = 47ABA7B029924B6F00F851DF /* Products */;
			projectDirPath = "";
			projectRoot = "";
			targets = (
				47ABA7AE29924B6F00F851DF /* MariaAds */,
			);
		};
/* End PBXProject section */

/* Begin PBXResourcesBuildPhase section */
		47ABA7AD29924B6F00F851DF /* Resources */ = {
			isa = PBXResourcesBuildPhase;
			buildActionMask = 2147483647;
			files = (
				47ABA7BF29924B7200F851DF /* LaunchScreen.storyboard in Resources */,
				47ABA7BC29924B7200F851DF /* Assets.xcassets in Resources */,
				47ABA7BA29924B6F00F851DF /* Main.storyboard in Resources */,
			);
			runOnlyForDeploymentPostprocessing = 0;
		};
/* End PBXResourcesBuildPhase section */

/* Begin PBXShellScriptBuildPhase section */
		795F37093EB8D31F688C1F3B /* [CP] Check Pods Manifest.lock */ = {
			isa = PBXShellScriptBuildPhase;
			buildActionMask = 2147483647;
			files = (
			);
			inputFileListPaths = (
			);
			inputPaths = (
				"${PODS_PODFILE_DIR_PATH}/Podfile.lock",
				"${PODS_ROOT}/Manifest.lock",
			);
			name = "[CP] Check Pods Manifest.lock";
			outputFileListPaths = (
			);
			outputPaths = (
				"$(DERIVED_FILE_DIR)/Pods-MariaAds-checkManifestLockResult.txt",
			);
			runOnlyForDeploymentPostprocessing = 0;
			shellPath = /bin/sh;
			shellScript = "diff \"${PODS_PODFILE_DIR_PATH}/Podfile.lock\" \"${PODS_ROOT}/Manifest.lock\" > /dev/null\nif [ $? != 0 ] ; then\n    # print error to STDERR\n    echo \"error: The sandbox is not in sync with the Podfile.lock. Run 'pod install' or update your CocoaPods installation.\" >&2\n    exit 1\nfi\n# This output is used by Xcode 'outputs' to avoid re-running this script phase.\necho \"SUCCESS\" > \"${SCRIPT_OUTPUT_FILE_0}\"\n";
			showEnvVarsInLog = 0;
		};
		A65B9C21C9E2C4AC7F5F7F6A /* [CP] Embed Pods Frameworks */ = {
			isa = PBXShellScriptBuildPhase;
			buildActionMask = 2147483647;
			files = (
			);
			inputFileListPaths = (
				"${PODS_ROOT}/Target Support Files/Pods-MariaAds/Pods-MariaAds-frameworks-${CONFIGURATION}-input-files.xcfilelist",
			);
			name = "[CP] Embed Pods Frameworks";
			outputFileListPaths = (
				"${PODS_ROOT}/Target Support Files/Pods-MariaAds/Pods-MariaAds-frameworks-${CONFIGURATION}-output-files.xcfilelist",
			);
			runOnlyForDeploymentPostprocessing = 0;
			shellPath = /bin/sh;
			shellScript = "\"${PODS_ROOT}/Target Support Files/Pods-MariaAds/Pods-MariaAds-frameworks.sh\"\n";
			showEnvVarsInLog = 0;
		};
/* End PBXShellScriptBuildPhase section */

/* Begin PBXSourcesBuildPhase section */
		47ABA7AB29924B6F00F851DF /* Sources */ = {
			isa = PBXSourcesBuildPhase;
			buildActionMask = 2147483647;
			files = (
				47ABA7C7299257CC00F851DF /* RewardedViewController.swift in Sources */,
				47ABA7CB299268FD00F851DF /* PersistentTabBarController.swift in Sources */,
				47ABA7B729924B6F00F851DF /* InterstitialViewController.swift in Sources */,
				47ABA7B329924B6F00F851DF /* AppDelegate.swift in Sources */,
				47ABA7B529924B6F00F851DF /* SceneDelegate.swift in Sources */,
			);
			runOnlyForDeploymentPostprocessing = 0;
		};
/* End PBXSourcesBuildPhase section */

/* Begin PBXVariantGroup section */
		47ABA7B829924B6F00F851DF /* Main.storyboard */ = {
			isa = PBXVariantGroup;
			children = (
				47ABA7B929924B6F00F851DF /* Base */,
			);
			name = Main.storyboard;
			sourceTree = "<group>";
		};
		47ABA7BD29924B7200F851DF /* LaunchScreen.storyboard */ = {
			isa = PBXVariantGroup;
			children = (
				47ABA7BE29924B7200F851DF /* Base */,
			);
			name = LaunchScreen.storyboard;
			sourceTree = "<group>";
		};
/* End PBXVariantGroup section */

/* Begin XCBuildConfiguration section */
		47ABA7C129924B7200F851DF /* Debug */ = {
			isa = XCBuildConfiguration;
			buildSettings = {
				ALWAYS_SEARCH_USER_PATHS = NO;
				CLANG_ANALYZER_NONNULL = YES;
				CLANG_ANALYZER_NUMBER_OBJECT_CONVERSION = YES_AGGRESSIVE;
				CLANG_CXX_LANGUAGE_STANDARD = "gnu++20";
				CLANG_ENABLE_MODULES = YES;
				CLANG_ENABLE_OBJC_ARC = YES;
				CLANG_ENABLE_OBJC_WEAK = YES;
				CLANG_WARN_BLOCK_CAPTURE_AUTORELEASING = YES;
				CLANG_WARN_BOOL_CONVERSION = YES;
				CLANG_WARN_COMMA = YES;
				CLANG_WARN_CONSTANT_CONVERSION = YES;
				CLANG_WARN_DEPRECATED_OBJC_IMPLEMENTATIONS = YES;
				CLANG_WARN_DIRECT_OBJC_ISA_USAGE = YES_ERROR;
				CLANG_WARN_DOCUMENTATION_COMMENTS = YES;
				CLANG_WARN_EMPTY_BODY = YES;
				CLANG_WARN_ENUM_CONVERSION = YES;
				CLANG_WARN_INFINITE_RECURSION = YES;
				CLANG_WARN_INT_CONVERSION = YES;
				CLANG_WARN_NON_LITERAL_NULL_CONVERSION = YES;
				CLANG_WARN_OBJC_IMPLICIT_RETAIN_SELF = YES;
				CLANG_WARN_OBJC_LITERAL_CONVERSION = YES;
				CLANG_WARN_OBJC_ROOT_CLASS = YES_ERROR;
				CLANG_WARN_QUOTED_INCLUDE_IN_FRAMEWORK_HEADER = YES;
				CLANG_WARN_RANGE_LOOP_ANALYSIS = YES;
				CLANG_WARN_STRICT_PROTOTYPES = YES;
				CLANG_WARN_SUSPICIOUS_MOVE = YES;
				CLANG_WARN_UNGUARDED_AVAILABILITY = YES_AGGRESSIVE;
				CLANG_WARN_UNREACHABLE_CODE = YES;
				CLANG_WARN__DUPLICATE_METHOD_MATCH = YES;
				COPY_PHASE_STRIP = NO;
				DEBUG_INFORMATION_FORMAT = dwarf;
				ENABLE_STRICT_OBJC_MSGSEND = YES;
				ENABLE_TESTABILITY = YES;
				GCC_C_LANGUAGE_STANDARD = gnu11;
				GCC_DYNAMIC_NO_PIC = NO;
				GCC_NO_COMMON_BLOCKS = YES;
				GCC_OPTIMIZATION_LEVEL = 0;
				GCC_PREPROCESSOR_DEFINITIONS = (
					"DEBUG=1",
					"$(inherited)",
				);
				GCC_WARN_64_TO_32_BIT_CONVERSION = YES;
				GCC_WARN_ABOUT_RETURN_TYPE = YES_ERROR;
				GCC_WARN_UNDECLARED_SELECTOR = YES;
				GCC_WARN_UNINITIALIZED_AUTOS = YES_AGGRESSIVE;
				GCC_WARN_UNUSED_FUNCTION = YES;
				GCC_WARN_UNUSED_VARIABLE = YES;
				IPHONEOS_DEPLOYMENT_TARGET = 14.0;
				MTL_ENABLE_DEBUG_INFO = INCLUDE_SOURCE;
				MTL_FAST_MATH = YES;
				ONLY_ACTIVE_ARCH = YES;
				SDKROOT = iphoneos;
				SWIFT_ACTIVE_COMPILATION_CONDITIONS = DEBUG;
				SWIFT_OPTIMIZATION_LEVEL = "-Onone";
			};
			name = Debug;
		};
		47ABA7C229924B7200F851DF /* Release */ = {
			isa = XCBuildConfiguration;
			buildSettings = {
				ALWAYS_SEARCH_USER_PATHS = NO;
				CLANG_ANALYZER_NONNULL = YES;
				CLANG_ANALYZER_NUMBER_OBJECT_CONVERSION = YES_AGGRESSIVE;
				CLANG_CXX_LANGUAGE_STANDARD = "gnu++20";
				CLANG_ENABLE_MODULES = YES;
				CLANG_ENABLE_OBJC_ARC = YES;
				CLANG_ENABLE_OBJC_WEAK = YES;
				CLANG_WARN_BLOCK_CAPTURE_AUTORELEASING = YES;
				CLANG_WARN_BOOL_CONVERSION = YES;
				CLANG_WARN_COMMA = YES;
				CLANG_WARN_CONSTANT_CONVERSION = YES;
				CLANG_WARN_DEPRECATED_OBJC_IMPLEMENTATIONS = YES;
				CLANG_WARN_DIRECT_OBJC_ISA_USAGE = YES_ERROR;
				CLANG_WARN_DOCUMENTATION_COMMENTS = YES;
				CLANG_WARN_EMPTY_BODY = YES;
				CLANG_WARN_ENUM_CONVERSION = YES;
				CLANG_WARN_INFINITE_RECURSION = YES;
				CLANG_WARN_INT_CONVERSION = YES;
				CLANG_WARN_NON_LITERAL_NULL_CONVERSION = YES;
				CLANG_WARN_OBJC_IMPLICIT_RETAIN_SELF = YES;
				CLANG_WARN_OBJC_LITERAL_CONVERSION = YES;
				CLANG_WARN_OBJC_ROOT_CLASS = YES_ERROR;
				CLANG_WARN_QUOTED_INCLUDE_IN_FRAMEWORK_HEADER = YES;
				CLANG_WARN_RANGE_LOOP_ANALYSIS = YES;
				CLANG_WARN_STRICT_PROTOTYPES = YES;
				CLANG_WARN_SUSPICIOUS_MOVE = YES;
				CLANG_WARN_UNGUARDED_AVAILABILITY = YES_AGGRESSIVE;
				CLANG_WARN_UNREACHABLE_CODE = YES;
				CLANG_WARN__DUPLICATE_METHOD_MATCH = YES;
				COPY_PHASE_STRIP = NO;
				DEBUG_INFORMATION_FORMAT = "dwarf-with-dsym";
				ENABLE_NS_ASSERTIONS = NO;
				ENABLE_STRICT_OBJC_MSGSEND = YES;
				GCC_C_LANGUAGE_STANDARD = gnu11;
				GCC_NO_COMMON_BLOCKS = YES;
				GCC_WARN_64_TO_32_BIT_CONVERSION = YES;
				GCC_WARN_ABOUT_RETURN_TYPE = YES_ERROR;
				GCC_WARN_UNDECLARED_SELECTOR = YES;
				GCC_WARN_UNINITIALIZED_AUTOS = YES_AGGRESSIVE;
				GCC_WARN_UNUSED_FUNCTION = YES;
				GCC_WARN_UNUSED_VARIABLE = YES;
				IPHONEOS_DEPLOYMENT_TARGET = 14.0;
				MTL_ENABLE_DEBUG_INFO = NO;
				MTL_FAST_MATH = YES;
				SDKROOT = iphoneos;
				SWIFT_COMPILATION_MODE = wholemodule;
				SWIFT_OPTIMIZATION_LEVEL = "-O";
				VALIDATE_PRODUCT = YES;
			};
			name = Release;
		};
		47ABA7C429924B7200F851DF /* Debug */ = {
			isa = XCBuildConfiguration;
			baseConfigurationReference = B5B7CEFFD1EF129C0833F7E2 /* Pods-MariaAds.debug.xcconfig */;
			buildSettings = {
				ASSETCATALOG_COMPILER_APPICON_NAME = AppIcon;
				ASSETCATALOG_COMPILER_GLOBAL_ACCENT_COLOR_NAME = AccentColor;
				CODE_SIGN_STYLE = Automatic;
				CURRENT_PROJECT_VERSION = 1;
				DEVELOPMENT_TEAM = 8674268245;
				GENERATE_INFOPLIST_FILE = YES;
				INFOPLIST_FILE = MariaAds/Info.plist;
				INFOPLIST_KEY_UIApplicationSupportsIndirectInputEvents = YES;
				INFOPLIST_KEY_UILaunchStoryboardName = LaunchScreen;
				INFOPLIST_KEY_UIMainStoryboardFile = Main;
				INFOPLIST_KEY_UISupportedInterfaceOrientations_iPad = "UIInterfaceOrientationPortrait UIInterfaceOrientationPortraitUpsideDown UIInterfaceOrientationLandscapeLeft UIInterfaceOrientationLandscapeRight";
				INFOPLIST_KEY_UISupportedInterfaceOrientations_iPhone = "UIInterfaceOrientationPortrait UIInterfaceOrientationLandscapeLeft UIInterfaceOrientationLandscapeRight";
				IPHONEOS_DEPLOYMENT_TARGET = 14.0;
				LD_RUNPATH_SEARCH_PATHS = (
					"$(inherited)",
					"@executable_path/Frameworks",
				);
				MARKETING_VERSION = 1.0;
				PRODUCT_BUNDLE_IDENTIFIER = mariayelfimova.MariaAds;
				PRODUCT_NAME = "$(TARGET_NAME)";
				SWIFT_EMIT_LOC_STRINGS = YES;
				SWIFT_VERSION = 5.0;
				TARGETED_DEVICE_FAMILY = "1,2";
			};
			name = Debug;
		};
		47ABA7C529924B7200F851DF /* Release */ = {
			isa = XCBuildConfiguration;
			baseConfigurationReference = 356EB07B60806744BCBDD0CB /* Pods-MariaAds.release.xcconfig */;
			buildSettings = {
				ASSETCATALOG_COMPILER_APPICON_NAME = AppIcon;
				ASSETCATALOG_COMPILER_GLOBAL_ACCENT_COLOR_NAME = AccentColor;
				CODE_SIGN_STYLE = Automatic;
				CURRENT_PROJECT_VERSION = 1;
				DEVELOPMENT_TEAM = 8674268245;
				GENERATE_INFOPLIST_FILE = YES;
				INFOPLIST_FILE = MariaAds/Info.plist;
				INFOPLIST_KEY_UIApplicationSupportsIndirectInputEvents = YES;
				INFOPLIST_KEY_UILaunchStoryboardName = LaunchScreen;
				INFOPLIST_KEY_UIMainStoryboardFile = Main;
				INFOPLIST_KEY_UISupportedInterfaceOrientations_iPad = "UIInterfaceOrientationPortrait UIInterfaceOrientationPortraitUpsideDown UIInterfaceOrientationLandscapeLeft UIInterfaceOrientationLandscapeRight";
				INFOPLIST_KEY_UISupportedInterfaceOrientations_iPhone = "UIInterfaceOrientationPortrait UIInterfaceOrientationLandscapeLeft UIInterfaceOrientationLandscapeRight";
				IPHONEOS_DEPLOYMENT_TARGET = 14.0;
				LD_RUNPATH_SEARCH_PATHS = (
					"$(inherited)",
					"@executable_path/Frameworks",
				);
				MARKETING_VERSION = 1.0;
				PRODUCT_BUNDLE_IDENTIFIER = mariayelfimova.MariaAds;
				PRODUCT_NAME = "$(TARGET_NAME)";
				SWIFT_EMIT_LOC_STRINGS = YES;
				SWIFT_VERSION = 5.0;
				TARGETED_DEVICE_FAMILY = "1,2";
			};
			name = Release;
		};
/* End XCBuildConfiguration section */

/* Begin XCConfigurationList section */
		47ABA7AA29924B6F00F851DF /* Build configuration list for PBXProject "MariaAds" */ = {
			isa = XCConfigurationList;
			buildConfigurations = (
				47ABA7C129924B7200F851DF /* Debug */,
				47ABA7C229924B7200F851DF /* Release */,
			);
			defaultConfigurationIsVisible = 0;
			defaultConfigurationName = Release;
		};
		47ABA7C329924B7200F851DF /* Build configuration list for PBXNativeTarget "MariaAds" */ = {
			isa = XCConfigurationList;
			buildConfigurations = (
				47ABA7C429924B7200F851DF /* Debug */,
				47ABA7C529924B7200F851DF /* Release */,
			);
			defaultConfigurationIsVisible = 0;
			defaultConfigurationName = Release;
		};
/* End XCConfigurationList section */
	};
	rootObject = 47ABA7A729924B6F00F851DF /* Project object */;
}
